
Microsoft Visual Studio Solution File, Format Version 12.00
# Visual Studio 15
VisualStudioVersion = 15.0.27703.2018
MinimumVisualStudioVersion = 10.0.40219.1
Project("{FAE04EC0-301F-11D3-BF4B-00C04F79EFBC}") = "SampleApp1.Android", "SampleApp1\SampleApp1.Android\SampleApp1.Android.csproj", "{F2E9823F-0291-4874-925C-7E25194089EB}"
EndProject
Project("{FAE04EC0-301F-11D3-BF4B-00C04F79EFBC}") = "SampleApp1.iOS", "SampleApp1\SampleApp1.iOS\SampleApp1.iOS.csproj", "{90A1B894-C4A7-4544-B378-376E4390A19B}"
EndProject
Project("{FAE04EC0-301F-11D3-BF4B-00C04F79EFBC}") = "SampleApp1", "SampleApp1\SampleApp1\SampleApp1.csproj", "{2A28A21F-CFA8-4D36-8FDA-BA0F60626946}"
EndProject
Global
	GlobalSection(SolutionConfigurationPlatforms) = preSolution
		Ad-Hoc|Any CPU = Ad-Hoc|Any CPU
		Ad-Hoc|iPhone = Ad-Hoc|iPhone
		Ad-Hoc|iPhoneSimulator = Ad-Hoc|iPhoneSimulator
		AppStore|Any CPU = AppStore|Any CPU
		AppStore|iPhone = AppStore|iPhone
		AppStore|iPhoneSimulator = AppStore|iPhoneSimulator
		Debug|Any CPU = Debug|Any CPU
		Debug|iPhone = Debug|iPhone
		Debug|iPhoneSimulator = Debug|iPhoneSimulator
		Release|Any CPU = Release|Any CPU
		Release|iPhone = Release|iPhone
		Release|iPhoneSimulator = Release|iPhoneSimulator
	EndGlobalSection
	GlobalSection(ProjectConfigurationPlatforms) = postSolution
		{F2E9823F-0291-4874-925C-7E25194089EB}.Ad-Hoc|Any CPU.ActiveCfg = Release|Any CPU
		{F2E9823F-0291-4874-925C-7E25194089EB}.Ad-Hoc|Any CPU.Build.0 = Release|Any CPU
		{F2E9823F-0291-4874-925C-7E25194089EB}.Ad-Hoc|Any CPU.Deploy.0 = Release|Any CPU
		{F2E9823F-0291-4874-925C-7E25194089EB}.Ad-Hoc|iPhone.ActiveCfg = Release|Any CPU
		{F2E9823F-0291-4874-925C-7E25194089EB}.Ad-Hoc|iPhone.Build.0 = Release|Any CPU
		{F2E9823F-0291-4874-925C-7E25194089EB}.Ad-Hoc|iPhone.Deploy.0 = Release|Any CPU
		{F2E9823F-0291-4874-925C-7E25194089EB}.Ad-Hoc|iPhoneSimulator.ActiveCfg = Release|Any CPU
		{F2E9823F-0291-4874-925C-7E25194089EB}.Ad-Hoc|iPhoneSimulator.Build.0 = Release|Any CPU
		{F2E9823F-0291-4874-925C-7E25194089EB}.Ad-Hoc|iPhoneSimulator.Deploy.0 = Release|Any CPU
		{F2E9823F-0291-4874-925C-7E25194089EB}.AppStore|Any CPU.ActiveCfg = Release|Any CPU
		{F2E9823F-0291-4874-925C-7E25194089EB}.AppStore|Any CPU.Build.0 = Release|Any CPU
		{F2E9823F-0291-4874-925C-7E25194089EB}.AppStore|Any CPU.Deploy.0 = Release|Any CPU
		{F2E9823F-0291-4874-925C-7E25194089EB}.AppStore|iPhone.ActiveCfg = Release|Any CPU
		{F2E9823F-0291-4874-925C-7E25194089EB}.AppStore|iPhone.Build.0 = Release|Any CPU
		{F2E9823F-0291-4874-925C-7E25194089EB}.AppStore|iPhone.Deploy.0 = Release|Any CPU
		{F2E9823F-0291-4874-925C-7E25194089EB}.AppStore|iPhoneSimulator.ActiveCfg = Release|Any CPU
		{F2E9823F-0291-4874-925C-7E25194089EB}.AppStore|iPhoneSimulator.Build.0 = Release|Any CPU
		{F2E9823F-0291-4874-925C-7E25194089EB}.AppStore|iPhoneSimulator.Deploy.0 = Release|Any CPU
		{F2E9823F-0291-4874-925C-7E25194089EB}.Debug|Any CPU.ActiveCfg = Debug|Any CPU
		{F2E9823F-0291-4874-925C-7E25194089EB}.Debug|Any CPU.Build.0 = Debug|Any CPU
		{F2E9823F-0291-4874-925C-7E25194089EB}.Debug|Any CPU.Deploy.0 = Debug|Any CPU
		{F2E9823F-0291-4874-925C-7E25194089EB}.Debug|iPhone.ActiveCfg = Debug|Any CPU
		{F2E9823F-0291-4874-925C-7E25194089EB}.Debug|iPhone.Build.0 = Debug|Any CPU
		{F2E9823F-0291-4874-925C-7E25194089EB}.Debug|iPhone.Deploy.0 = Debug|Any CPU
		{F2E9823F-0291-4874-925C-7E25194089EB}.Debug|iPhoneSimulator.ActiveCfg = Debug|Any CPU
		{F2E9823F-0291-4874-925C-7E25194089EB}.Debug|iPhoneSimulator.Build.0 = Debug|Any CPU
		{F2E9823F-0291-4874-925C-7E25194089EB}.Debug|iPhoneSimulator.Deploy.0 = Debug|Any CPU
		{F2E9823F-0291-4874-925C-7E25194089EB}.Release|Any CPU.ActiveCfg = Release|Any CPU
		{F2E9823F-0291-4874-925C-7E25194089EB}.Release|Any CPU.Build.0 = Release|Any CPU
		{F2E9823F-0291-4874-925C-7E25194089EB}.Release|Any CPU.Deploy.0 = Release|Any CPU
		{F2E9823F-0291-4874-925C-7E25194089EB}.Release|iPhone.ActiveCfg = Release|Any CPU
		{F2E9823F-0291-4874-925C-7E25194089EB}.Release|iPhone.Build.0 = Release|Any CPU
		{F2E9823F-0291-4874-925C-7E25194089EB}.Release|iPhone.Deploy.0 = Release|Any CPU
		{F2E9823F-0291-4874-925C-7E25194089EB}.Release|iPhoneSimulator.ActiveCfg = Release|Any CPU
		{F2E9823F-0291-4874-925C-7E25194089EB}.Release|iPhoneSimulator.Build.0 = Release|Any CPU
		{F2E9823F-0291-4874-925C-7E25194089EB}.Release|iPhoneSimulator.Deploy.0 = Release|Any CPU
		{90A1B894-C4A7-4544-B378-376E4390A19B}.Ad-Hoc|Any CPU.ActiveCfg = Ad-Hoc|iPhone
		{90A1B894-C4A7-4544-B378-376E4390A19B}.Ad-Hoc|Any CPU.Build.0 = Ad-Hoc|iPhone
		{90A1B894-C4A7-4544-B378-376E4390A19B}.Ad-Hoc|Any CPU.Deploy.0 = Ad-Hoc|iPhone
		{90A1B894-C4A7-4544-B378-376E4390A19B}.Ad-Hoc|iPhone.ActiveCfg = Ad-Hoc|iPhone
		{90A1B894-C4A7-4544-B378-376E4390A19B}.Ad-Hoc|iPhone.Build.0 = Ad-Hoc|iPhone
		{90A1B894-C4A7-4544-B378-376E4390A19B}.Ad-Hoc|iPhone.Deploy.0 = Ad-Hoc|iPhone
		{90A1B894-C4A7-4544-B378-376E4390A19B}.Ad-Hoc|iPhoneSimulator.ActiveCfg = Ad-Hoc|iPhoneSimulator
		{90A1B894-C4A7-4544-B378-376E4390A19B}.Ad-Hoc|iPhoneSimulator.Build.0 = Ad-Hoc|iPhoneSimulator
		{90A1B894-C4A7-4544-B378-376E4390A19B}.Ad-Hoc|iPhoneSimulator.Deploy.0 = Ad-Hoc|iPhoneSimulator
		{90A1B894-C4A7-4544-B378-376E4390A19B}.AppStore|Any CPU.ActiveCfg = AppStore|iPhone
		{90A1B894-C4A7-4544-B378-376E4390A19B}.AppStore|Any CPU.Build.0 = AppStore|iPhone
		{90A1B894-C4A7-4544-B378-376E4390A19B}.AppStore|Any CPU.Deploy.0 = AppStore|iPhone
		{90A1B894-C4A7-4544-B378-376E4390A19B}.AppStore|iPhone.ActiveCfg = AppStore|iPhone
		{90A1B894-C4A7-4544-B378-376E4390A19B}.AppStore|iPhone.Build.0 = AppStore|iPhone
		{90A1B894-C4A7-4544-B378-376E4390A19B}.AppStore|iPhone.Deploy.0 = AppStore|iPhone
		{90A1B894-C4A7-4544-B378-376E4390A19B}.AppStore|iPhoneSimulator.ActiveCfg = AppStore|iPhoneSimulator
		{90A1B894-C4A7-4544-B378-376E4390A19B}.AppStore|iPhoneSimulator.Build.0 = AppStore|iPhoneSimulator
		{90A1B894-C4A7-4544-B378-376E4390A19B}.AppStore|iPhoneSimulator.Deploy.0 = AppStore|iPhoneSimulator
		{90A1B894-C4A7-4544-B378-376E4390A19B}.Debug|Any CPU.ActiveCfg = Debug|iPhoneSimulator
		{90A1B894-C4A7-4544-B378-376E4390A19B}.Debug|Any CPU.Build.0 = Debug|iPhoneSimulator
		{90A1B894-C4A7-4544-B378-376E4390A19B}.Debug|Any CPU.Deploy.0 = Debug|iPhoneSimulator
		{90A1B894-C4A7-4544-B378-376E4390A19B}.Debug|iPhone.ActiveCfg = Debug|iPhone
		{90A1B894-C4A7-4544-B378-376E4390A19B}.Debug|iPhone.Build.0 = Debug|iPhone
		{90A1B894-C4A7-4544-B378-376E4390A19B}.Debug|iPhone.Deploy.0 = Debug|iPhone
		{90A1B894-C4A7-4544-B378-376E4390A19B}.Debug|iPhoneSimulator.ActiveCfg = Debug|iPhoneSimulator
		{90A1B894-C4A7-4544-B378-376E4390A19B}.Debug|iPhoneSimulator.Build.0 = Debug|iPhoneSimulator
		{90A1B894-C4A7-4544-B378-376E4390A19B}.Debug|iPhoneSimulator.Deploy.0 = Debug|iPhoneSimulator
		{90A1B894-C4A7-4544-B378-376E4390A19B}.Release|Any CPU.ActiveCfg = Release|iPhone
		{90A1B894-C4A7-4544-B378-376E4390A19B}.Release|Any CPU.Build.0 = Release|iPhone
		{90A1B894-C4A7-4544-B378-376E4390A19B}.Release|Any CPU.Deploy.0 = Release|iPhone
		{90A1B894-C4A7-4544-B378-376E4390A19B}.Release|iPhone.ActiveCfg = Release|iPhone
		{90A1B894-C4A7-4544-B378-376E4390A19B}.Release|iPhone.Build.0 = Release|iPhone
		{90A1B894-C4A7-4544-B378-376E4390A19B}.Release|iPhone.Deploy.0 = Release|iPhone
		{90A1B894-C4A7-4544-B378-376E4390A19B}.Release|iPhoneSimulator.ActiveCfg = Release|iPhoneSimulator
		{90A1B894-C4A7-4544-B378-376E4390A19B}.Release|iPhoneSimulator.Build.0 = Release|iPhoneSimulator
		{90A1B894-C4A7-4544-B378-376E4390A19B}.Release|iPhoneSimulator.Deploy.0 = Release|iPhoneSimulator
		{2A28A21F-CFA8-4D36-8FDA-BA0F60626946}.Ad-Hoc|Any CPU.ActiveCfg = Debug|Any CPU
		{2A28A21F-CFA8-4D36-8FDA-BA0F60626946}.Ad-Hoc|Any CPU.Build.0 = Debug|Any CPU
		{2A28A21F-CFA8-4D36-8FDA-BA0F60626946}.Ad-Hoc|Any CPU.Deploy.0 = Debug|Any CPU
		{2A28A21F-CFA8-4D36-8FDA-BA0F60626946}.Ad-Hoc|iPhone.ActiveCfg = Debug|Any CPU
		{2A28A21F-CFA8-4D36-8FDA-BA0F60626946}.Ad-Hoc|iPhone.Build.0 = Debug|Any CPU
		{2A28A21F-CFA8-4D36-8FDA-BA0F60626946}.Ad-Hoc|iPhone.Deploy.0 = Debug|Any CPU
		{2A28A21F-CFA8-4D36-8FDA-BA0F60626946}.Ad-Hoc|iPhoneSimulator.ActiveCfg = Debug|Any CPU
		{2A28A21F-CFA8-4D36-8FDA-BA0F60626946}.Ad-Hoc|iPhoneSimulator.Build.0 = Debug|Any CPU
		{2A28A21F-CFA8-4D36-8FDA-BA0F60626946}.Ad-Hoc|iPhoneSimulator.Deploy.0 = Debug|Any CPU
		{2A28A21F-CFA8-4D36-8FDA-BA0F60626946}.AppStore|Any CPU.ActiveCfg = Debug|Any CPU
		{2A28A21F-CFA8-4D36-8FDA-BA0F60626946}.AppStore|Any CPU.Build.0 = Debug|Any CPU
		{2A28A21F-CFA8-4D36-8FDA-BA0F60626946}.AppStore|Any CPU.Deploy.0 = Debug|Any CPU
		{2A28A21F-CFA8-4D36-8FDA-BA0F60626946}.AppStore|iPhone.ActiveCfg = Debug|Any CPU
		{2A28A21F-CFA8-4D36-8FDA-BA0F60626946}.AppStore|iPhone.Build.0 = Debug|Any CPU
		{2A28A21F-CFA8-4D36-8FDA-BA0F60626946}.AppStore|iPhone.Deploy.0 = Debug|Any CPU
		{2A28A21F-CFA8-4D36-8FDA-BA0F60626946}.AppStore|iPhoneSimulator.ActiveCfg = Debug|Any CPU
		{2A28A21F-CFA8-4D36-8FDA-BA0F60626946}.AppStore|iPhoneSimulator.Build.0 = Debug|Any CPU
		{2A28A21F-CFA8-4D36-8FDA-BA0F60626946}.AppStore|iPhoneSimulator.Deploy.0 = Debug|Any CPU
		{2A28A21F-CFA8-4D36-8FDA-BA0F60626946}.Debug|Any CPU.ActiveCfg = Debug|Any CPU
		{2A28A21F-CFA8-4D36-8FDA-BA0F60626946}.Debug|Any CPU.Build.0 = Debug|Any CPU
		{2A28A21F-CFA8-4D36-8FDA-BA0F60626946}.Debug|Any CPU.Deploy.0 = Debug|Any CPU
		{2A28A21F-CFA8-4D36-8FDA-BA0F60626946}.Debug|iPhone.ActiveCfg = Debug|Any CPU
		{2A28A21F-CFA8-4D36-8FDA-BA0F60626946}.Debug|iPhone.Build.0 = Debug|Any CPU
		{2A28A21F-CFA8-4D36-8FDA-BA0F60626946}.Debug|iPhone.Deploy.0 = Debug|Any CPU
		{2A28A21F-CFA8-4D36-8FDA-BA0F60626946}.Debug|iPhoneSimulator.ActiveCfg = Debug|Any CPU
		{2A28A21F-CFA8-4D36-8FDA-BA0F60626946}.Debug|iPhoneSimulator.Build.0 = Debug|Any CPU
		{2A28A21F-CFA8-4D36-8FDA-BA0F60626946}.Debug|iPhoneSimulator.Deploy.0 = Debug|Any CPU
		{2A28A21F-CFA8-4D36-8FDA-BA0F60626946}.Release|Any CPU.ActiveCfg = Release|Any CPU
		{2A28A21F-CFA8-4D36-8FDA-BA0F60626946}.Release|Any CPU.Build.0 = Release|Any CPU
		{2A28A21F-CFA8-4D36-8FDA-BA0F60626946}.Release|Any CPU.Deploy.0 = Release|Any CPU
		{2A28A21F-CFA8-4D36-8FDA-BA0F60626946}.Release|iPhone.ActiveCfg = Release|Any CPU
		{2A28A21F-CFA8-4D36-8FDA-BA0F60626946}.Release|iPhone.Build.0 = Release|Any CPU
		{2A28A21F-CFA8-4D36-8FDA-BA0F60626946}.Release|iPhone.Deploy.0 = Release|Any CPU
		{2A28A21F-CFA8-4D36-8FDA-BA0F60626946}.Release|iPhoneSimulator.ActiveCfg = Release|Any CPU
		{2A28A21F-CFA8-4D36-8FDA-BA0F60626946}.Release|iPhoneSimulator.Build.0 = Release|Any CPU
		{2A28A21F-CFA8-4D36-8FDA-BA0F60626946}.Release|iPhoneSimulator.Deploy.0 = Release|Any CPU
	EndGlobalSection
	GlobalSection(SolutionProperties) = preSolution
		HideSolutionNode = FALSE
	EndGlobalSection
	GlobalSection(ExtensibilityGlobals) = postSolution
		SolutionGuid = {D68DE5B7-58BA-4AD7-A2D2-B466D0A6E702}
	EndGlobalSection
EndGlobal
